// !$*UTF8*$!
{
	archiveVersion = 1;
	classes = {
	};
	objectVersion = 46;
	objects = {

/* Begin PBXBuildFile section */
		00980A8718C2D40E0080D3F2 /* Foundation.framework in Frameworks */ = {isa = PBXBuildFile; fileRef = 00980A8618C2D40E0080D3F2 /* Foundation.framework */; };
		00980A8918C2D40E0080D3F2 /* CoreGraphics.framework in Frameworks */ = {isa = PBXBuildFile; fileRef = 00980A8818C2D40E0080D3F2 /* CoreGraphics.framework */; };
		00980A8B18C2D40E0080D3F2 /* UIKit.framework in Frameworks */ = {isa = PBXBuildFile; fileRef = 00980A8A18C2D40E0080D3F2 /* UIKit.framework */; };
		00980A9118C2D40E0080D3F2 /* InfoPlist.strings in Resources */ = {isa = PBXBuildFile; fileRef = 00980A8F18C2D40E0080D3F2 /* InfoPlist.strings */; };
		00980A9318C2D40E0080D3F2 /* main.m in Sources */ = {isa = PBXBuildFile; fileRef = 00980A9218C2D40E0080D3F2 /* main.m */; };
		00980A9718C2D40E0080D3F2 /* AppDelegate.m in Sources */ = {isa = PBXBuildFile; fileRef = 00980A9618C2D40E0080D3F2 /* AppDelegate.m */; };
		00980A9918C2D40E0080D3F2 /* Images.xcassets in Resources */ = {isa = PBXBuildFile; fileRef = 00980A9818C2D40E0080D3F2 /* Images.xcassets */; };
		00980AA018C2D40E0080D3F2 /* XCTest.framework in Frameworks */ = {isa = PBXBuildFile; fileRef = 00980A9F18C2D40E0080D3F2 /* XCTest.framework */; };
		00980AA118C2D40E0080D3F2 /* Foundation.framework in Frameworks */ = {isa = PBXBuildFile; fileRef = 00980A8618C2D40E0080D3F2 /* Foundation.framework */; };
		00980AA218C2D40E0080D3F2 /* UIKit.framework in Frameworks */ = {isa = PBXBuildFile; fileRef = 00980A8A18C2D40E0080D3F2 /* UIKit.framework */; };
		00980AAA18C2D40E0080D3F2 /* InfoPlist.strings in Resources */ = {isa = PBXBuildFile; fileRef = 00980AA818C2D40E0080D3F2 /* InfoPlist.strings */; };
		00980AAC18C2D40E0080D3F2 /* CareTaskerTests.m in Sources */ = {isa = PBXBuildFile; fileRef = 00980AAB18C2D40E0080D3F2 /* CareTaskerTests.m */; };
		00D36E2B18C2DE2900B4DF55 /* Firebase.framework in Frameworks */ = {isa = PBXBuildFile; fileRef = 00D36E2A18C2DE2900B4DF55 /* Firebase.framework */; };
		00D36E2D18C2DE5500B4DF55 /* libc++.dylib in Frameworks */ = {isa = PBXBuildFile; fileRef = 00D36E2C18C2DE5500B4DF55 /* libc++.dylib */; };
		00D36E2F18C2DE6600B4DF55 /* libicucore.dylib in Frameworks */ = {isa = PBXBuildFile; fileRef = 00D36E2E18C2DE6600B4DF55 /* libicucore.dylib */; };
		00D36E3118C2DE6E00B4DF55 /* CFNetwork.framework in Frameworks */ = {isa = PBXBuildFile; fileRef = 00D36E3018C2DE6E00B4DF55 /* CFNetwork.framework */; };
		00D36E3318C2DE7500B4DF55 /* Security.framework in Frameworks */ = {isa = PBXBuildFile; fileRef = 00D36E3218C2DE7500B4DF55 /* Security.framework */; };
		00D36E3518C2DE7B00B4DF55 /* SystemConfiguration.framework in Frameworks */ = {isa = PBXBuildFile; fileRef = 00D36E3418C2DE7B00B4DF55 /* SystemConfiguration.framework */; };
		00D36E3818C2DEF500B4DF55 /* ViewController.m in Sources */ = {isa = PBXBuildFile; fileRef = 00D36E3718C2DEF500B4DF55 /* ViewController.m */; };
		00D36E4218C2DF1B00B4DF55 /* CareTaker.m in Sources */ = {isa = PBXBuildFile; fileRef = 00D36E3B18C2DF1B00B4DF55 /* CareTaker.m */; };
		00D36E4318C2DF1B00B4DF55 /* Patient.m in Sources */ = {isa = PBXBuildFile; fileRef = 00D36E3D18C2DF1B00B4DF55 /* Patient.m */; };
		00D36E4418C2DF1B00B4DF55 /* Task.m in Sources */ = {isa = PBXBuildFile; fileRef = 00D36E3F18C2DF1B00B4DF55 /* Task.m */; };
		00D36E4518C2DF1B00B4DF55 /* User.m in Sources */ = {isa = PBXBuildFile; fileRef = 00D36E4118C2DF1B00B4DF55 /* User.m */; };
		00D36E4718C2E0E700B4DF55 /* Main.storyboard in Resources */ = {isa = PBXBuildFile; fileRef = 00D36E4618C2E0E700B4DF55 /* Main.storyboard */; };
/* End PBXBuildFile section */

/* Begin PBXContainerItemProxy section */
		00980AA318C2D40E0080D3F2 /* PBXContainerItemProxy */ = {
			isa = PBXContainerItemProxy;
			containerPortal = 00980A7B18C2D40D0080D3F2 /* Project object */;
			proxyType = 1;
			remoteGlobalIDString = 00980A8218C2D40E0080D3F2;
			remoteInfo = CareTasker;
		};
/* End PBXContainerItemProxy section */

/* Begin PBXFileReference section */
		00980A8318C2D40E0080D3F2 /* CareTasker.app */ = {isa = PBXFileReference; explicitFileType = wrapper.application; includeInIndex = 0; path = CareTasker.app; sourceTree = BUILT_PRODUCTS_DIR; };
		00980A8618C2D40E0080D3F2 /* Foundation.framework */ = {isa = PBXFileReference; lastKnownFileType = wrapper.framework; name = Foundation.framework; path = System/Library/Frameworks/Foundation.framework; sourceTree = SDKROOT; };
		00980A8818C2D40E0080D3F2 /* CoreGraphics.framework */ = {isa = PBXFileReference; lastKnownFileType = wrapper.framework; name = CoreGraphics.framework; path = System/Library/Frameworks/CoreGraphics.framework; sourceTree = SDKROOT; };
		00980A8A18C2D40E0080D3F2 /* UIKit.framework */ = {isa = PBXFileReference; lastKnownFileType = wrapper.framework; name = UIKit.framework; path = System/Library/Frameworks/UIKit.framework; sourceTree = SDKROOT; };
		00980A8E18C2D40E0080D3F2 /* CareTasker-Info.plist */ = {isa = PBXFileReference; lastKnownFileType = text.plist.xml; path = "CareTasker-Info.plist"; sourceTree = "<group>"; };
		00980A9018C2D40E0080D3F2 /* en */ = {isa = PBXFileReference; lastKnownFileType = text.plist.strings; name = en; path = en.lproj/InfoPlist.strings; sourceTree = "<group>"; };
		00980A9218C2D40E0080D3F2 /* main.m */ = {isa = PBXFileReference; lastKnownFileType = sourcecode.c.objc; path = main.m; sourceTree = "<group>"; };
		00980A9418C2D40E0080D3F2 /* CareTasker-Prefix.pch */ = {isa = PBXFileReference; lastKnownFileType = sourcecode.c.h; path = "CareTasker-Prefix.pch"; sourceTree = "<group>"; };
		00980A9518C2D40E0080D3F2 /* AppDelegate.h */ = {isa = PBXFileReference; lastKnownFileType = sourcecode.c.h; path = AppDelegate.h; sourceTree = "<group>"; };
		00980A9618C2D40E0080D3F2 /* AppDelegate.m */ = {isa = PBXFileReference; lastKnownFileType = sourcecode.c.objc; path = AppDelegate.m; sourceTree = "<group>"; };
		00980A9818C2D40E0080D3F2 /* Images.xcassets */ = {isa = PBXFileReference; lastKnownFileType = folder.assetcatalog; path = Images.xcassets; sourceTree = "<group>"; };
		00980A9E18C2D40E0080D3F2 /* CareTaskerTests.xctest */ = {isa = PBXFileReference; explicitFileType = wrapper.cfbundle; includeInIndex = 0; path = CareTaskerTests.xctest; sourceTree = BUILT_PRODUCTS_DIR; };
		00980A9F18C2D40E0080D3F2 /* XCTest.framework */ = {isa = PBXFileReference; lastKnownFileType = wrapper.framework; name = XCTest.framework; path = Library/Frameworks/XCTest.framework; sourceTree = DEVELOPER_DIR; };
		00980AA718C2D40E0080D3F2 /* CareTaskerTests-Info.plist */ = {isa = PBXFileReference; lastKnownFileType = text.plist.xml; path = "CareTaskerTests-Info.plist"; sourceTree = "<group>"; };
		00980AA918C2D40E0080D3F2 /* en */ = {isa = PBXFileReference; lastKnownFileType = text.plist.strings; name = en; path = en.lproj/InfoPlist.strings; sourceTree = "<group>"; };
		00980AAB18C2D40E0080D3F2 /* CareTaskerTests.m */ = {isa = PBXFileReference; lastKnownFileType = sourcecode.c.objc; path = CareTaskerTests.m; sourceTree = "<group>"; };
		00D36E2A18C2DE2900B4DF55 /* Firebase.framework */ = {isa = PBXFileReference; lastKnownFileType = wrapper.framework; path = Firebase.framework; sourceTree = "<group>"; };
		00D36E2C18C2DE5500B4DF55 /* libc++.dylib */ = {isa = PBXFileReference; lastKnownFileType = "compiled.mach-o.dylib"; name = "libc++.dylib"; path = "usr/lib/libc++.dylib"; sourceTree = SDKROOT; };
		00D36E2E18C2DE6600B4DF55 /* libicucore.dylib */ = {isa = PBXFileReference; lastKnownFileType = "compiled.mach-o.dylib"; name = libicucore.dylib; path = usr/lib/libicucore.dylib; sourceTree = SDKROOT; };
		00D36E3018C2DE6E00B4DF55 /* CFNetwork.framework */ = {isa = PBXFileReference; lastKnownFileType = wrapper.framework; name = CFNetwork.framework; path = System/Library/Frameworks/CFNetwork.framework; sourceTree = SDKROOT; };
		00D36E3218C2DE7500B4DF55 /* Security.framework */ = {isa = PBXFileReference; lastKnownFileType = wrapper.framework; name = Security.framework; path = System/Library/Frameworks/Security.framework; sourceTree = SDKROOT; };
		00D36E3418C2DE7B00B4DF55 /* SystemConfiguration.framework */ = {isa = PBXFileReference; lastKnownFileType = wrapper.framework; name = SystemConfiguration.framework; path = System/Library/Frameworks/SystemConfiguration.framework; sourceTree = SDKROOT; };
		00D36E3618C2DEF500B4DF55 /* ViewController.h */ = {isa = PBXFileReference; fileEncoding = 4; lastKnownFileType = sourcecode.c.h; path = ViewController.h; sourceTree = "<group>"; };
		00D36E3718C2DEF500B4DF55 /* ViewController.m */ = {isa = PBXFileReference; fileEncoding = 4; lastKnownFileType = sourcecode.c.objc; path = ViewController.m; sourceTree = "<group>"; };
		00D36E3A18C2DF1B00B4DF55 /* CareTaker.h */ = {isa = PBXFileReference; fileEncoding = 4; lastKnownFileType = sourcecode.c.h; path = CareTaker.h; sourceTree = "<group>"; };
		00D36E3B18C2DF1B00B4DF55 /* CareTaker.m */ = {isa = PBXFileReference; fileEncoding = 4; lastKnownFileType = sourcecode.c.objc; path = CareTaker.m; sourceTree = "<group>"; };
		00D36E3C18C2DF1B00B4DF55 /* Patient.h */ = {isa = PBXFileReference; fileEncoding = 4; lastKnownFileType = sourcecode.c.h; path = Patient.h; sourceTree = "<group>"; };
		00D36E3D18C2DF1B00B4DF55 /* Patient.m */ = {isa = PBXFileReference; fileEncoding = 4; lastKnownFileType = sourcecode.c.objc; path = Patient.m; sourceTree = "<group>"; };
		00D36E3E18C2DF1B00B4DF55 /* Task.h */ = {isa = PBXFileReference; fileEncoding = 4; lastKnownFileType = sourcecode.c.h; path = Task.h; sourceTree = "<group>"; };
		00D36E3F18C2DF1B00B4DF55 /* Task.m */ = {isa = PBXFileReference; fileEncoding = 4; lastKnownFileType = sourcecode.c.objc; path = Task.m; sourceTree = "<group>"; };
		00D36E4018C2DF1B00B4DF55 /* User.h */ = {isa = PBXFileReference; fileEncoding = 4; lastKnownFileType = sourcecode.c.h; path = User.h; sourceTree = "<group>"; };
		00D36E4118C2DF1B00B4DF55 /* User.m */ = {isa = PBXFileReference; fileEncoding = 4; lastKnownFileType = sourcecode.c.objc; path = User.m; sourceTree = "<group>"; };
		00D36E4618C2E0E700B4DF55 /* Main.storyboard */ = {isa = PBXFileReference; fileEncoding = 4; lastKnownFileType = file.storyboard; path = Main.storyboard; sourceTree = "<group>"; };
/* End PBXFileReference section */

/* Begin PBXFrameworksBuildPhase section */
		00980A8018C2D40E0080D3F2 /* Frameworks */ = {
			isa = PBXFrameworksBuildPhase;
			buildActionMask = 2147483647;
			files = (
				00D36E3518C2DE7B00B4DF55 /* SystemConfiguration.framework in Frameworks */,
				00D36E3318C2DE7500B4DF55 /* Security.framework in Frameworks */,
				00D36E3118C2DE6E00B4DF55 /* CFNetwork.framework in Frameworks */,
				00D36E2F18C2DE6600B4DF55 /* libicucore.dylib in Frameworks */,
				00D36E2D18C2DE5500B4DF55 /* libc++.dylib in Frameworks */,
				00980A8918C2D40E0080D3F2 /* CoreGraphics.framework in Frameworks */,
				00980A8B18C2D40E0080D3F2 /* UIKit.framework in Frameworks */,
				00980A8718C2D40E0080D3F2 /* Foundation.framework in Frameworks */,
				00D36E2B18C2DE2900B4DF55 /* Firebase.framework in Frameworks */,
			);
			runOnlyForDeploymentPostprocessing = 0;
		};
		00980A9B18C2D40E0080D3F2 /* Frameworks */ = {
			isa = PBXFrameworksBuildPhase;
			buildActionMask = 2147483647;
			files = (
				00980AA018C2D40E0080D3F2 /* XCTest.framework in Frameworks */,
				00980AA218C2D40E0080D3F2 /* UIKit.framework in Frameworks */,
				00980AA118C2D40E0080D3F2 /* Foundation.framework in Frameworks */,
			);
			runOnlyForDeploymentPostprocessing = 0;
		};
/* End PBXFrameworksBuildPhase section */

/* Begin PBXGroup section */
		00980A7A18C2D40D0080D3F2 = {
			isa = PBXGroup;
			children = (
				00980A8C18C2D40E0080D3F2 /* CareTasker */,
				00980AA518C2D40E0080D3F2 /* CareTaskerTests */,
				00980A8518C2D40E0080D3F2 /* Frameworks */,
				00980A8418C2D40E0080D3F2 /* Products */,
			);
			sourceTree = "<group>";
		};
		00980A8418C2D40E0080D3F2 /* Products */ = {
			isa = PBXGroup;
			children = (
				00980A8318C2D40E0080D3F2 /* CareTasker.app */,
				00980A9E18C2D40E0080D3F2 /* CareTaskerTests.xctest */,
			);
			name = Products;
			sourceTree = "<group>";
		};
		00980A8518C2D40E0080D3F2 /* Frameworks */ = {
			isa = PBXGroup;
			children = (
				00D36E3418C2DE7B00B4DF55 /* SystemConfiguration.framework */,
				00D36E3218C2DE7500B4DF55 /* Security.framework */,
				00D36E3018C2DE6E00B4DF55 /* CFNetwork.framework */,
				00D36E2E18C2DE6600B4DF55 /* libicucore.dylib */,
				00D36E2C18C2DE5500B4DF55 /* libc++.dylib */,
				00D36E2A18C2DE2900B4DF55 /* Firebase.framework */,
				00980A8618C2D40E0080D3F2 /* Foundation.framework */,
				00980A8818C2D40E0080D3F2 /* CoreGraphics.framework */,
				00980A8A18C2D40E0080D3F2 /* UIKit.framework */,
				00980A9F18C2D40E0080D3F2 /* XCTest.framework */,
			);
			name = Frameworks;
			sourceTree = "<group>";
		};
		00980A8C18C2D40E0080D3F2 /* CareTasker */ = {
			isa = PBXGroup;
			children = (
				00D36E3918C2DF1B00B4DF55 /* Model */,
				00980A9518C2D40E0080D3F2 /* AppDelegate.h */,
				00980A9618C2D40E0080D3F2 /* AppDelegate.m */,
				00980A9818C2D40E0080D3F2 /* Images.xcassets */,
				00980A8D18C2D40E0080D3F2 /* Supporting Files */,
				00D36E3618C2DEF500B4DF55 /* ViewController.h */,
				00D36E3718C2DEF500B4DF55 /* ViewController.m */,
				00D36E4618C2E0E700B4DF55 /* Main.storyboard */,
			);
			path = CareTasker;
			sourceTree = "<group>";
		};
		00980A8D18C2D40E0080D3F2 /* Supporting Files */ = {
			isa = PBXGroup;
			children = (
				00980A8E18C2D40E0080D3F2 /* CareTasker-Info.plist */,
				00980A8F18C2D40E0080D3F2 /* InfoPlist.strings */,
				00980A9218C2D40E0080D3F2 /* main.m */,
				00980A9418C2D40E0080D3F2 /* CareTasker-Prefix.pch */,
			);
			name = "Supporting Files";
			sourceTree = "<group>";
		};
		00980AA518C2D40E0080D3F2 /* CareTaskerTests */ = {
			isa = PBXGroup;
			children = (
				00980AAB18C2D40E0080D3F2 /* CareTaskerTests.m */,
				00980AA618C2D40E0080D3F2 /* Supporting Files */,
			);
			path = CareTaskerTests;
			sourceTree = "<group>";
		};
		00980AA618C2D40E0080D3F2 /* Supporting Files */ = {
			isa = PBXGroup;
			children = (
				00980AA718C2D40E0080D3F2 /* CareTaskerTests-Info.plist */,
				00980AA818C2D40E0080D3F2 /* InfoPlist.strings */,
			);
			name = "Supporting Files";
			sourceTree = "<group>";
		};
		00D36E3918C2DF1B00B4DF55 /* Model */ = {
			isa = PBXGroup;
			children = (
				00D36E3A18C2DF1B00B4DF55 /* CareTaker.h */,
				00D36E3B18C2DF1B00B4DF55 /* CareTaker.m */,
				00D36E3C18C2DF1B00B4DF55 /* Patient.h */,
				00D36E3D18C2DF1B00B4DF55 /* Patient.m */,
				00D36E3E18C2DF1B00B4DF55 /* Task.h */,
				00D36E3F18C2DF1B00B4DF55 /* Task.m */,
				00D36E4018C2DF1B00B4DF55 /* User.h */,
				00D36E4118C2DF1B00B4DF55 /* User.m */,
			);
			path = Model;
			sourceTree = "<group>";
		};
/* End PBXGroup section */

/* Begin PBXNativeTarget section */
		00980A8218C2D40E0080D3F2 /* CareTasker */ = {
			isa = PBXNativeTarget;
			buildConfigurationList = 00980AAF18C2D40E0080D3F2 /* Build configuration list for PBXNativeTarget "CareTasker" */;
			buildPhases = (
				00980A7F18C2D40E0080D3F2 /* Sources */,
				00980A8018C2D40E0080D3F2 /* Frameworks */,
				00980A8118C2D40E0080D3F2 /* Resources */,
			);
			buildRules = (
			);
			dependencies = (
			);
			name = CareTasker;
			productName = CareTasker;
			productReference = 00980A8318C2D40E0080D3F2 /* CareTasker.app */;
			productType = "com.apple.product-type.application";
		};
		00980A9D18C2D40E0080D3F2 /* CareTaskerTests */ = {
			isa = PBXNativeTarget;
			buildConfigurationList = 00980AB218C2D40E0080D3F2 /* Build configuration list for PBXNativeTarget "CareTaskerTests" */;
			buildPhases = (
				00980A9A18C2D40E0080D3F2 /* Sources */,
				00980A9B18C2D40E0080D3F2 /* Frameworks */,
				00980A9C18C2D40E0080D3F2 /* Resources */,
			);
			buildRules = (
			);
			dependencies = (
				00980AA418C2D40E0080D3F2 /* PBXTargetDependency */,
			);
			name = CareTaskerTests;
			productName = CareTaskerTests;
			productReference = 00980A9E18C2D40E0080D3F2 /* CareTaskerTests.xctest */;
			productType = "com.apple.product-type.bundle.unit-test";
		};
/* End PBXNativeTarget section */

/* Begin PBXProject section */
		00980A7B18C2D40D0080D3F2 /* Project object */ = {
			isa = PBXProject;
			attributes = {
				LastUpgradeCheck = 0500;
				ORGANIZATIONNAME = "Jeffrey Wang";
				TargetAttributes = {
					00980A9D18C2D40E0080D3F2 = {
						TestTargetID = 00980A8218C2D40E0080D3F2;
					};
				};
			};
			buildConfigurationList = 00980A7E18C2D40D0080D3F2 /* Build configuration list for PBXProject "CareTasker" */;
			compatibilityVersion = "Xcode 3.2";
			developmentRegion = English;
			hasScannedForEncodings = 0;
			knownRegions = (
				en,
			);
			mainGroup = 00980A7A18C2D40D0080D3F2;
			productRefGroup = 00980A8418C2D40E0080D3F2 /* Products */;
			projectDirPath = "";
			projectRoot = "";
			targets = (
				00980A8218C2D40E0080D3F2 /* CareTasker */,
				00980A9D18C2D40E0080D3F2 /* CareTaskerTests */,
			);
		};
/* End PBXProject section */

/* Begin PBXResourcesBuildPhase section */
		00980A8118C2D40E0080D3F2 /* Resources */ = {
			isa = PBXResourcesBuildPhase;
			buildActionMask = 2147483647;
			files = (
				00D36E4718C2E0E700B4DF55 /* Main.storyboard in Resources */,
				00980A9118C2D40E0080D3F2 /* InfoPlist.strings in Resources */,
				00980A9918C2D40E0080D3F2 /* Images.xcassets in Resources */,
			);
			runOnlyForDeploymentPostprocessing = 0;
		};
		00980A9C18C2D40E0080D3F2 /* Resources */ = {
			isa = PBXResourcesBuildPhase;
			buildActionMask = 2147483647;
			files = (
				00980AAA18C2D40E0080D3F2 /* InfoPlist.strings in Resources */,
			);
			runOnlyForDeploymentPostprocessing = 0;
		};
/* End PBXResourcesBuildPhase section */

/* Begin PBXSourcesBuildPhase section */
		00980A7F18C2D40E0080D3F2 /* Sources */ = {
			isa = PBXSourcesBuildPhase;
			buildActionMask = 2147483647;
			files = (
				00D36E4218C2DF1B00B4DF55 /* CareTaker.m in Sources */,
				00D36E4518C2DF1B00B4DF55 /* User.m in Sources */,
				00D36E3818C2DEF500B4DF55 /* ViewController.m in Sources */,
				00D36E4318C2DF1B00B4DF55 /* Patient.m in Sources */,
				00980A9718C2D40E0080D3F2 /* AppDelegate.m in Sources */,
				00D36E4418C2DF1B00B4DF55 /* Task.m in Sources */,
				00980A9318C2D40E0080D3F2 /* main.m in Sources */,
			);
			runOnlyForDeploymentPostprocessing = 0;
		};
		00980A9A18C2D40E0080D3F2 /* Sources */ = {
			isa = PBXSourcesBuildPhase;
			buildActionMask = 2147483647;
			files = (
				00980AAC18C2D40E0080D3F2 /* CareTaskerTests.m in Sources */,
			);
			runOnlyForDeploymentPostprocessing = 0;
		};
/* End PBXSourcesBuildPhase section */

/* Begin PBXTargetDependency section */
		00980AA418C2D40E0080D3F2 /* PBXTargetDependency */ = {
			isa = PBXTargetDependency;
			target = 00980A8218C2D40E0080D3F2 /* CareTasker */;
			targetProxy = 00980AA318C2D40E0080D3F2 /* PBXContainerItemProxy */;
		};
/* End PBXTargetDependency section */

/* Begin PBXVariantGroup section */
		00980A8F18C2D40E0080D3F2 /* InfoPlist.strings */ = {
			isa = PBXVariantGroup;
			children = (
				00980A9018C2D40E0080D3F2 /* en */,
			);
			name = InfoPlist.strings;
			sourceTree = "<group>";
		};
		00980AA818C2D40E0080D3F2 /* InfoPlist.strings */ = {
			isa = PBXVariantGroup;
			children = (
				00980AA918C2D40E0080D3F2 /* en */,
			);
			name = InfoPlist.strings;
			sourceTree = "<group>";
		};
/* End PBXVariantGroup section */

/* Begin XCBuildConfiguration section */
		00980AAD18C2D40E0080D3F2 /* Debug */ = {
			isa = XCBuildConfiguration;
			buildSettings = {
				ALWAYS_SEARCH_USER_PATHS = NO;
				ARCHS = "$(ARCHS_STANDARD_INCLUDING_64_BIT)";
				CLANG_CXX_LANGUAGE_STANDARD = "gnu++0x";
				CLANG_CXX_LIBRARY = "libc++";
				CLANG_ENABLE_MODULES = YES;
				CLANG_ENABLE_OBJC_ARC = YES;
				CLANG_WARN_BOOL_CONVERSION = YES;
				CLANG_WARN_CONSTANT_CONVERSION = YES;
				CLANG_WARN_DIRECT_OBJC_ISA_USAGE = YES_ERROR;
				CLANG_WARN_EMPTY_BODY = YES;
				CLANG_WARN_ENUM_CONVERSION = YES;
				CLANG_WARN_INT_CONVERSION = YES;
				CLANG_WARN_OBJC_ROOT_CLASS = YES_ERROR;
				CLANG_WARN__DUPLICATE_METHOD_MATCH = YES;
				"CODE_SIGN_IDENTITY[sdk=iphoneos*]" = "iPhone Developer";
				COPY_PHASE_STRIP = NO;
				GCC_C_LANGUAGE_STANDARD = gnu99;
				GCC_DYNAMIC_NO_PIC = NO;
				GCC_OPTIMIZATION_LEVEL = 0;
				GCC_PREPROCESSOR_DEFINITIONS = (
					"DEBUG=1",
					"$(inherited)",
				);
				GCC_SYMBOLS_PRIVATE_EXTERN = NO;
				GCC_WARN_64_TO_32_BIT_CONVERSION = YES;
				GCC_WARN_ABOUT_RETURN_TYPE = YES_ERROR;
				GCC_WARN_UNDECLARED_SELECTOR = YES;
				GCC_WARN_UNINITIALIZED_AUTOS = YES;
				GCC_WARN_UNUSED_FUNCTION = YES;
				GCC_WARN_UNUSED_VARIABLE = YES;
				IPHONEOS_DEPLOYMENT_TARGET = 7.0;
				ONLY_ACTIVE_ARCH = YES;
				SDKROOT = iphoneos;
			};
			name = Debug;
		};
		00980AAE18C2D40E0080D3F2 /* Release */ = {
			isa = XCBuildConfiguration;
			buildSettings = {
				ALWAYS_SEARCH_USER_PATHS = NO;
				ARCHS = "$(ARCHS_STANDARD_INCLUDING_64_BIT)";
				CLANG_CXX_LANGUAGE_STANDARD = "gnu++0x";
				CLANG_CXX_LIBRARY = "libc++";
				CLANG_ENABLE_MODULES = YES;
				CLANG_ENABLE_OBJC_ARC = YES;
				CLANG_WARN_BOOL_CONVERSION = YES;
				CLANG_WARN_CONSTANT_CONVERSION = YES;
				CLANG_WARN_DIRECT_OBJC_ISA_USAGE = YES_ERROR;
				CLANG_WARN_EMPTY_BODY = YES;
				CLANG_WARN_ENUM_CONVERSION = YES;
				CLANG_WARN_INT_CONVERSION = YES;
				CLANG_WARN_OBJC_ROOT_CLASS = YES_ERROR;
				CLANG_WARN__DUPLICATE_METHOD_MATCH = YES;
				"CODE_SIGN_IDENTITY[sdk=iphoneos*]" = "iPhone Developer";
				COPY_PHASE_STRIP = YES;
				ENABLE_NS_ASSERTIONS = NO;
				GCC_C_LANGUAGE_STANDARD = gnu99;
				GCC_WARN_64_TO_32_BIT_CONVERSION = YES;
				GCC_WARN_ABOUT_RETURN_TYPE = YES_ERROR;
				GCC_WARN_UNDECLARED_SELECTOR = YES;
				GCC_WARN_UNINITIALIZED_AUTOS = YES;
				GCC_WARN_UNUSED_FUNCTION = YES;
				GCC_WARN_UNUSED_VARIABLE = YES;
				IPHONEOS_DEPLOYMENT_TARGET = 7.0;
				SDKROOT = iphoneos;
				VALIDATE_PRODUCT = YES;
			};
			name = Release;
		};
		00980AB018C2D40E0080D3F2 /* Debug */ = {
			isa = XCBuildConfiguration;
			buildSettings = {
				ASSETCATALOG_COMPILER_APPICON_NAME = AppIcon;
				ASSETCATALOG_COMPILER_LAUNCHIMAGE_NAME = LaunchImage;
				CLANG_ENABLE_OBJC_ARC = NO;
				FRAMEWORK_SEARCH_PATHS = (
					"$(inherited)",
					/Users/Jeffrey/Documents/Code/CareTasker,
				);
				GCC_PRECOMPILE_PREFIX_HEADER = YES;
				GCC_PREFIX_HEADER = "CareTasker/CareTasker-Prefix.pch";
				INFOPLIST_FILE = "CareTasker/CareTasker-Info.plist";
				OTHER_LDFLAGS = "-ObjC";
				PRODUCT_NAME = "$(TARGET_NAME)";
				WRAPPER_EXTENSION = app;
			};
			name = Debug;
		};
		00980AB118C2D40E0080D3F2 /* Release */ = {
			isa = XCBuildConfiguration;
			buildSettings = {
				ASSETCATALOG_COMPILER_APPICON_NAME = AppIcon;
				ASSETCATALOG_COMPILER_LAUNCHIMAGE_NAME = LaunchImage;
				CLANG_ENABLE_OBJC_ARC = NO;
				FRAMEWORK_SEARCH_PATHS = (
					"$(inherited)",
					/Users/Jeffrey/Documents/Code/CareTasker,
				);
				GCC_PRECOMPILE_PREFIX_HEADER = YES;
				GCC_PREFIX_HEADER = "CareTasker/CareTasker-Prefix.pch";
				INFOPLIST_FILE = "CareTasker/CareTasker-Info.plist";
				OTHER_LDFLAGS = "-ObjC";
				PRODUCT_NAME = "$(TARGET_NAME)";
				WRAPPER_EXTENSION = app;
			};
			name = Release;
		};
		00980AB318C2D40E0080D3F2 /* Debug */ = {
			isa = XCBuildConfiguration;
			buildSettings = {
				ARCHS = "$(ARCHS_STANDARD_INCLUDING_64_BIT)";
				BUNDLE_LOADER = "$(BUILT_PRODUCTS_DIR)/CareTasker.app/CareTasker";
				FRAMEWORK_SEARCH_PATHS = (
					"$(SDKROOT)/Developer/Library/Frameworks",
					"$(inherited)",
					"$(DEVELOPER_FRAMEWORKS_DIR)",
				);
				GCC_PRECOMPILE_PREFIX_HEADER = YES;
				GCC_PREFIX_HEADER = "CareTasker/CareTasker-Prefix.pch";
				GCC_PREPROCESSOR_DEFINITIONS = (
					"DEBUG=1",
					"$(inherited)",
				);
				INFOPLIST_FILE = "CareTaskerTests/CareTaskerTests-Info.plist";
				PRODUCT_NAME = "$(TARGET_NAME)";
				TEST_HOST = "$(BUNDLE_LOADER)";
				WRAPPER_EXTENSION = xctest;
			};
			name = Debug;
		};
		00980AB418C2D40E0080D3F2 /* Release */ = {
			isa = XCBuildConfiguration;
			buildSettings = {
				ARCHS = "$(ARCHS_STANDARD_INCLUDING_64_BIT)";
				BUNDLE_LOADER = "$(BUILT_PRODUCTS_DIR)/CareTasker.app/CareTasker";
				FRAMEWORK_SEARCH_PATHS = (
					"$(SDKROOT)/Developer/Library/Frameworks",
					"$(inherited)",
					"$(DEVELOPER_FRAMEWORKS_DIR)",
				);
				GCC_PRECOMPILE_PREFIX_HEADER = YES;
				GCC_PREFIX_HEADER = "CareTasker/CareTasker-Prefix.pch";
				INFOPLIST_FILE = "CareTaskerTests/CareTaskerTests-Info.plist";
				PRODUCT_NAME = "$(TARGET_NAME)";
				TEST_HOST = "$(BUNDLE_LOADER)";
				WRAPPER_EXTENSION = xctest;
			};
			name = Release;
		};
/* End XCBuildConfiguration section */

/* Begin XCConfigurationList section */
		00980A7E18C2D40D0080D3F2 /* Build configuration list for PBXProject "CareTasker" */ = {
			isa = XCConfigurationList;
			buildConfigurations = (
				00980AAD18C2D40E0080D3F2 /* Debug */,
				00980AAE18C2D40E0080D3F2 /* Release */,
			);
			defaultConfigurationIsVisible = 0;
			defaultConfigurationName = Release;
		};
		00980AAF18C2D40E0080D3F2 /* Build configuration list for PBXNativeTarget "CareTasker" */ = {
			isa = XCConfigurationList;
			buildConfigurations = (
				00980AB018C2D40E0080D3F2 /* Debug */,
				00980AB118C2D40E0080D3F2 /* Release */,
			);
			defaultConfigurationIsVisible = 0;
			defaultConfigurationName = Release;
		};
		00980AB218C2D40E0080D3F2 /* Build configuration list for PBXNativeTarget "CareTaskerTests" */ = {
			isa = XCConfigurationList;
			buildConfigurations = (
				00980AB318C2D40E0080D3F2 /* Debug */,
				00980AB418C2D40E0080D3F2 /* Release */,
			);
			defaultConfigurationIsVisible = 0;
			defaultConfigurationName = Release;
		};
/* End XCConfigurationList section */
	};
	rootObject = 00980A7B18C2D40D0080D3F2 /* Project object */;
}
